// !$*UTF8*$!
{
	archiveVersion = 1;
	classes = {
	};
	objectVersion = 50;
	objects = {

/* Begin PBXBuildFile section */
		7CA3796826388A8300B68C3E /* AppDelegate.swift in Sources */ = {isa = PBXBuildFile; fileRef = 7CA3796726388A8300B68C3E /* AppDelegate.swift */; };
		7CA3796C26388A8300B68C3E /* ViewController.swift in Sources */ = {isa = PBXBuildFile; fileRef = 7CA3796B26388A8300B68C3E /* ViewController.swift */; };
		7CA3796F26388A8300B68C3E /* Main.storyboard in Resources */ = {isa = PBXBuildFile; fileRef = 7CA3796D26388A8300B68C3E /* Main.storyboard */; };
		7CA3797226388A8300B68C3E /* MovieQuiz.xcdatamodeld in Sources */ = {isa = PBXBuildFile; fileRef = 7CA3797026388A8300B68C3E /* MovieQuiz.xcdatamodeld */; };
		7CA3797426388A8400B68C3E /* Assets.xcassets in Resources */ = {isa = PBXBuildFile; fileRef = 7CA3797326388A8400B68C3E /* Assets.xcassets */; };
		7CA3797726388A8400B68C3E /* LaunchScreen.storyboard in Resources */ = {isa = PBXBuildFile; fileRef = 7CA3797526388A8400B68C3E /* LaunchScreen.storyboard */; };
		7CA379842638B62200B68C3E /* MarchaImperial.mp3 in Resources */ = {isa = PBXBuildFile; fileRef = 7CA379832638B62200B68C3E /* MarchaImperial.mp3 */; };
		7CA3799C2638B63600B68C3E /* options.json in Resources */ = {isa = PBXBuildFile; fileRef = 7CA379862638B63400B68C3E /* options.json */; };
		7CA3799D2638B63600B68C3E /* quote4.mp3 in Resources */ = {isa = PBXBuildFile; fileRef = 7CA379872638B63400B68C3E /* quote4.mp3 */; };
		7CA3799E2638B63600B68C3E /* quote16.mp3 in Resources */ = {isa = PBXBuildFile; fileRef = 7CA379882638B63400B68C3E /* quote16.mp3 */; };
		7CA3799F2638B63600B68C3E /* quote17.mp3 in Resources */ = {isa = PBXBuildFile; fileRef = 7CA379892638B63400B68C3E /* quote17.mp3 */; };
		7CA379A02638B63600B68C3E /* quizes.json in Resources */ = {isa = PBXBuildFile; fileRef = 7CA3798A2638B63400B68C3E /* quizes.json */; };
		7CA379A12638B63600B68C3E /* quote15.mp3 in Resources */ = {isa = PBXBuildFile; fileRef = 7CA3798B2638B63400B68C3E /* quote15.mp3 */; };
		7CA379A22638B63600B68C3E /* quote1.mp3 in Resources */ = {isa = PBXBuildFile; fileRef = 7CA3798C2638B63400B68C3E /* quote1.mp3 */; };
		7CA379A32638B63600B68C3E /* quote20.mp3 in Resources */ = {isa = PBXBuildFile; fileRef = 7CA3798D2638B63500B68C3E /* quote20.mp3 */; };
		7CA379A42638B63600B68C3E /* quote6.mp3 in Resources */ = {isa = PBXBuildFile; fileRef = 7CA3798E2638B63500B68C3E /* quote6.mp3 */; };
		7CA379A52638B63600B68C3E /* quote3.mp3 in Resources */ = {isa = PBXBuildFile; fileRef = 7CA3798F2638B63500B68C3E /* quote3.mp3 */; };
		7CA379A62638B63600B68C3E /* quote2.mp3 in Resources */ = {isa = PBXBuildFile; fileRef = 7CA379902638B63500B68C3E /* quote2.mp3 */; };
		7CA379A72638B63600B68C3E /* quote7.mp3 in Resources */ = {isa = PBXBuildFile; fileRef = 7CA379912638B63500B68C3E /* quote7.mp3 */; };
		7CA379A82638B63600B68C3E /* quote11.mp3 in Resources */ = {isa = PBXBuildFile; fileRef = 7CA379922638B63500B68C3E /* quote11.mp3 */; };
		7CA379A92638B63600B68C3E /* quote14.mp3 in Resources */ = {isa = PBXBuildFile; fileRef = 7CA379932638B63500B68C3E /* quote14.mp3 */; };
		7CA379AA2638B63600B68C3E /* quote10.mp3 in Resources */ = {isa = PBXBuildFile; fileRef = 7CA379942638B63500B68C3E /* quote10.mp3 */; };
		7CA379AB2638B63600B68C3E /* quote18.mp3 in Resources */ = {isa = PBXBuildFile; fileRef = 7CA379952638B63500B68C3E /* quote18.mp3 */; };
		7CA379AC2638B63600B68C3E /* quote19.mp3 in Resources */ = {isa = PBXBuildFile; fileRef = 7CA379962638B63500B68C3E /* quote19.mp3 */; };
		7CA379AD2638B63600B68C3E /* quote8.mp3 in Resources */ = {isa = PBXBuildFile; fileRef = 7CA379972638B63600B68C3E /* quote8.mp3 */; };
		7CA379AE2638B63600B68C3E /* quote5.mp3 in Resources */ = {isa = PBXBuildFile; fileRef = 7CA379982638B63600B68C3E /* quote5.mp3 */; };
		7CA379AF2638B63600B68C3E /* quote9.mp3 in Resources */ = {isa = PBXBuildFile; fileRef = 7CA379992638B63600B68C3E /* quote9.mp3 */; };
		7CA379B02638B63600B68C3E /* quote12.mp3 in Resources */ = {isa = PBXBuildFile; fileRef = 7CA3799A2638B63600B68C3E /* quote12.mp3 */; };
		7CA379B12638B63600B68C3E /* quote13.mp3 in Resources */ = {isa = PBXBuildFile; fileRef = 7CA3799B2638B63600B68C3E /* quote13.mp3 */; };
		7CA379B326390DAB00B68C3E /* GameOverViewController.swift in Sources */ = {isa = PBXBuildFile; fileRef = 7CA379B226390DAB00B68C3E /* GameOverViewController.swift */; };
		7CA379B52639ADBC00B68C3E /* QuizManager.swift in Sources */ = {isa = PBXBuildFile; fileRef = 7CA379B42639ADBC00B68C3E /* QuizManager.swift */; };
/* End PBXBuildFile section */

/* Begin PBXFileReference section */
		7CA3796426388A8300B68C3E /* MovieQuiz.app */ = {isa = PBXFileReference; explicitFileType = wrapper.application; includeInIndex = 0; path = MovieQuiz.app; sourceTree = BUILT_PRODUCTS_DIR; };
		7CA3796726388A8300B68C3E /* AppDelegate.swift */ = {isa = PBXFileReference; lastKnownFileType = sourcecode.swift; path = AppDelegate.swift; sourceTree = "<group>"; };
		7CA3796B26388A8300B68C3E /* ViewController.swift */ = {isa = PBXFileReference; lastKnownFileType = sourcecode.swift; path = ViewController.swift; sourceTree = "<group>"; };
		7CA3796E26388A8300B68C3E /* Base */ = {isa = PBXFileReference; lastKnownFileType = file.storyboard; name = Base; path = Base.lproj/Main.storyboard; sourceTree = "<group>"; };
		7CA3797126388A8300B68C3E /* MovieQuiz.xcdatamodel */ = {isa = PBXFileReference; lastKnownFileType = wrapper.xcdatamodel; path = MovieQuiz.xcdatamodel; sourceTree = "<group>"; };
		7CA3797326388A8400B68C3E /* Assets.xcassets */ = {isa = PBXFileReference; lastKnownFileType = folder.assetcatalog; path = Assets.xcassets; sourceTree = "<group>"; };
		7CA3797626388A8400B68C3E /* Base */ = {isa = PBXFileReference; lastKnownFileType = file.storyboard; name = Base; path = Base.lproj/LaunchScreen.storyboard; sourceTree = "<group>"; };
		7CA3797826388A8400B68C3E /* Info.plist */ = {isa = PBXFileReference; lastKnownFileType = text.plist.xml; path = Info.plist; sourceTree = "<group>"; };
		7CA379832638B62200B68C3E /* MarchaImperial.mp3 */ = {isa = PBXFileReference; lastKnownFileType = audio.mp3; path = MarchaImperial.mp3; sourceTree = "<group>"; };
		7CA379862638B63400B68C3E /* options.json */ = {isa = PBXFileReference; fileEncoding = 4; lastKnownFileType = text.json; path = options.json; sourceTree = "<group>"; };
		7CA379872638B63400B68C3E /* quote4.mp3 */ = {isa = PBXFileReference; lastKnownFileType = audio.mp3; path = quote4.mp3; sourceTree = "<group>"; };
		7CA379882638B63400B68C3E /* quote16.mp3 */ = {isa = PBXFileReference; lastKnownFileType = audio.mp3; path = quote16.mp3; sourceTree = "<group>"; };
		7CA379892638B63400B68C3E /* quote17.mp3 */ = {isa = PBXFileReference; lastKnownFileType = audio.mp3; path = quote17.mp3; sourceTree = "<group>"; };
		7CA3798A2638B63400B68C3E /* quizes.json */ = {isa = PBXFileReference; fileEncoding = 4; lastKnownFileType = text.json; path = quizes.json; sourceTree = "<group>"; };
		7CA3798B2638B63400B68C3E /* quote15.mp3 */ = {isa = PBXFileReference; lastKnownFileType = audio.mp3; path = quote15.mp3; sourceTree = "<group>"; };
		7CA3798C2638B63400B68C3E /* quote1.mp3 */ = {isa = PBXFileReference; lastKnownFileType = audio.mp3; path = quote1.mp3; sourceTree = "<group>"; };
		7CA3798D2638B63500B68C3E /* quote20.mp3 */ = {isa = PBXFileReference; lastKnownFileType = audio.mp3; path = quote20.mp3; sourceTree = "<group>"; };
		7CA3798E2638B63500B68C3E /* quote6.mp3 */ = {isa = PBXFileReference; lastKnownFileType = audio.mp3; path = quote6.mp3; sourceTree = "<group>"; };
		7CA3798F2638B63500B68C3E /* quote3.mp3 */ = {isa = PBXFileReference; lastKnownFileType = audio.mp3; path = quote3.mp3; sourceTree = "<group>"; };
		7CA379902638B63500B68C3E /* quote2.mp3 */ = {isa = PBXFileReference; lastKnownFileType = audio.mp3; path = quote2.mp3; sourceTree = "<group>"; };
		7CA379912638B63500B68C3E /* quote7.mp3 */ = {isa = PBXFileReference; lastKnownFileType = audio.mp3; path = quote7.mp3; sourceTree = "<group>"; };
		7CA379922638B63500B68C3E /* quote11.mp3 */ = {isa = PBXFileReference; lastKnownFileType = audio.mp3; path = quote11.mp3; sourceTree = "<group>"; };
		7CA379932638B63500B68C3E /* quote14.mp3 */ = {isa = PBXFileReference; lastKnownFileType = audio.mp3; path = quote14.mp3; sourceTree = "<group>"; };
		7CA379942638B63500B68C3E /* quote10.mp3 */ = {isa = PBXFileReference; lastKnownFileType = audio.mp3; path = quote10.mp3; sourceTree = "<group>"; };
		7CA379952638B63500B68C3E /* quote18.mp3 */ = {isa = PBXFileReference; lastKnownFileType = audio.mp3; path = quote18.mp3; sourceTree = "<group>"; };
		7CA379962638B63500B68C3E /* quote19.mp3 */ = {isa = PBXFileReference; lastKnownFileType = audio.mp3; path = quote19.mp3; sourceTree = "<group>"; };
		7CA379972638B63600B68C3E /* quote8.mp3 */ = {isa = PBXFileReference; lastKnownFileType = audio.mp3; path = quote8.mp3; sourceTree = "<group>"; };
		7CA379982638B63600B68C3E /* quote5.mp3 */ = {isa = PBXFileReference; lastKnownFileType = audio.mp3; path = quote5.mp3; sourceTree = "<group>"; };
		7CA379992638B63600B68C3E /* quote9.mp3 */ = {isa = PBXFileReference; lastKnownFileType = audio.mp3; path = quote9.mp3; sourceTree = "<group>"; };
		7CA3799A2638B63600B68C3E /* quote12.mp3 */ = {isa = PBXFileReference; lastKnownFileType = audio.mp3; path = quote12.mp3; sourceTree = "<group>"; };
		7CA3799B2638B63600B68C3E /* quote13.mp3 */ = {isa = PBXFileReference; lastKnownFileType = audio.mp3; path = quote13.mp3; sourceTree = "<group>"; };
		7CA379B226390DAB00B68C3E /* GameOverViewController.swift */ = {isa = PBXFileReference; lastKnownFileType = sourcecode.swift; path = GameOverViewController.swift; sourceTree = "<group>"; };
		7CA379B42639ADBC00B68C3E /* QuizManager.swift */ = {isa = PBXFileReference; lastKnownFileType = sourcecode.swift; path = QuizManager.swift; sourceTree = "<group>"; };
/* End PBXFileReference section */

/* Begin PBXFrameworksBuildPhase section */
		7CA3796126388A8300B68C3E /* Frameworks */ = {
			isa = PBXFrameworksBuildPhase;
			buildActionMask = 2147483647;
			files = (
			);
			runOnlyForDeploymentPostprocessing = 0;
		};
/* End PBXFrameworksBuildPhase section */

/* Begin PBXGroup section */
		7CA3795B26388A8200B68C3E = {
			isa = PBXGroup;
			children = (
				7CA3796626388A8300B68C3E /* MovieQuiz */,
				7CA3796526388A8300B68C3E /* Products */,
			);
			sourceTree = "<group>";
		};
		7CA3796526388A8300B68C3E /* Products */ = {
			isa = PBXGroup;
			children = (
				7CA3796426388A8300B68C3E /* MovieQuiz.app */,
			);
			name = Products;
			sourceTree = "<group>";
		};
		7CA3796626388A8300B68C3E /* MovieQuiz */ = {
			isa = PBXGroup;
			children = (
				7CA3797E2638ABDA00B68C3E /* Controller */,
				7CA3797F2638ABE800B68C3E /* View */,
				7CA379822638B58E00B68C3E /* Assets */,
				7CA379852638B62500B68C3E /* Files */,
				7CA379812638AC6D00B68C3E /* Aplication */,
				7CA3797026388A8300B68C3E /* MovieQuiz.xcdatamodeld */,
			);
			path = MovieQuiz;
			sourceTree = "<group>";
		};
		7CA3797E2638ABDA00B68C3E /* Controller */ = {
			isa = PBXGroup;
			children = (
				7CA3796B26388A8300B68C3E /* ViewController.swift */,
				7CA379B226390DAB00B68C3E /* GameOverViewController.swift */,
				7CA379B42639ADBC00B68C3E /* QuizManager.swift */,
			);
			path = Controller;
			sourceTree = "<group>";
		};
		7CA3797F2638ABE800B68C3E /* View */ = {
			isa = PBXGroup;
			children = (
				7CA3796D26388A8300B68C3E /* Main.storyboard */,
			);
			path = View;
			sourceTree = "<group>";
		};
		7CA379812638AC6D00B68C3E /* Aplication */ = {
			isa = PBXGroup;
			children = (
				7CA3796726388A8300B68C3E /* AppDelegate.swift */,
				7CA3797526388A8400B68C3E /* LaunchScreen.storyboard */,
				7CA3797826388A8400B68C3E /* Info.plist */,
			);
			path = Aplication;
			sourceTree = "<group>";
		};
		7CA379822638B58E00B68C3E /* Assets */ = {
			isa = PBXGroup;
			children = (
				7CA3797326388A8400B68C3E /* Assets.xcassets */,
			);
			path = Assets;
			sourceTree = "<group>";
		};
		7CA379852638B62500B68C3E /* Files */ = {
			isa = PBXGroup;
			children = (
				7CA379862638B63400B68C3E /* options.json */,
				7CA3798A2638B63400B68C3E /* quizes.json */,
				7CA3798C2638B63400B68C3E /* quote1.mp3 */,
				7CA379902638B63500B68C3E /* quote2.mp3 */,
				7CA3798F2638B63500B68C3E /* quote3.mp3 */,
				7CA379872638B63400B68C3E /* quote4.mp3 */,
				7CA379982638B63600B68C3E /* quote5.mp3 */,
				7CA3798E2638B63500B68C3E /* quote6.mp3 */,
				7CA379912638B63500B68C3E /* quote7.mp3 */,
				7CA379972638B63600B68C3E /* quote8.mp3 */,
				7CA379992638B63600B68C3E /* quote9.mp3 */,
				7CA379942638B63500B68C3E /* quote10.mp3 */,
				7CA379922638B63500B68C3E /* quote11.mp3 */,
				7CA3799A2638B63600B68C3E /* quote12.mp3 */,
				7CA3799B2638B63600B68C3E /* quote13.mp3 */,
				7CA379932638B63500B68C3E /* quote14.mp3 */,
				7CA3798B2638B63400B68C3E /* quote15.mp3 */,
				7CA379882638B63400B68C3E /* quote16.mp3 */,
				7CA379892638B63400B68C3E /* quote17.mp3 */,
				7CA379952638B63500B68C3E /* quote18.mp3 */,
				7CA379962638B63500B68C3E /* quote19.mp3 */,
				7CA3798D2638B63500B68C3E /* quote20.mp3 */,
				7CA379832638B62200B68C3E /* MarchaImperial.mp3 */,
			);
			path = Files;
			sourceTree = "<group>";
		};
/* End PBXGroup section */

/* Begin PBXNativeTarget section */
		7CA3796326388A8300B68C3E /* MovieQuiz */ = {
			isa = PBXNativeTarget;
			buildConfigurationList = 7CA3797B26388A8400B68C3E /* Build configuration list for PBXNativeTarget "MovieQuiz" */;
			buildPhases = (
				7CA3796026388A8300B68C3E /* Sources */,
				7CA3796126388A8300B68C3E /* Frameworks */,
				7CA3796226388A8300B68C3E /* Resources */,
			);
			buildRules = (
			);
			dependencies = (
			);
			name = MovieQuiz;
			productName = MovieQuiz;
			productReference = 7CA3796426388A8300B68C3E /* MovieQuiz.app */;
			productType = "com.apple.product-type.application";
		};
/* End PBXNativeTarget section */

/* Begin PBXProject section */
		7CA3795C26388A8200B68C3E /* Project object */ = {
			isa = PBXProject;
			attributes = {
				LastSwiftUpdateCheck = 1170;
				LastUpgradeCheck = 1170;
				ORGANIZATIONNAME = "Gilmar Queiroz";
				TargetAttributes = {
					7CA3796326388A8300B68C3E = {
						CreatedOnToolsVersion = 11.7;
					};
				};
			};
			buildConfigurationList = 7CA3795F26388A8200B68C3E /* Build configuration list for PBXProject "MovieQuiz" */;
			compatibilityVersion = "Xcode 9.3";
			developmentRegion = en;
			hasScannedForEncodings = 0;
			knownRegions = (
				en,
				Base,
			);
			mainGroup = 7CA3795B26388A8200B68C3E;
			productRefGroup = 7CA3796526388A8300B68C3E /* Products */;
			projectDirPath = "";
			projectRoot = "";
			targets = (
				7CA3796326388A8300B68C3E /* MovieQuiz */,
			);
		};
/* End PBXProject section */

/* Begin PBXResourcesBuildPhase section */
		7CA3796226388A8300B68C3E /* Resources */ = {
			isa = PBXResourcesBuildPhase;
			buildActionMask = 2147483647;
			files = (
				7CA3799D2638B63600B68C3E /* quote4.mp3 in Resources */,
				7CA3797726388A8400B68C3E /* LaunchScreen.storyboard in Resources */,
				7CA379AD2638B63600B68C3E /* quote8.mp3 in Resources */,
				7CA379A62638B63600B68C3E /* quote2.mp3 in Resources */,
				7CA379A02638B63600B68C3E /* quizes.json in Resources */,
				7CA379AB2638B63600B68C3E /* quote18.mp3 in Resources */,
				7CA379A42638B63600B68C3E /* quote6.mp3 in Resources */,
				7CA379AF2638B63600B68C3E /* quote9.mp3 in Resources */,
				7CA379A82638B63600B68C3E /* quote11.mp3 in Resources */,
				7CA3797426388A8400B68C3E /* Assets.xcassets in Resources */,
				7CA379B02638B63600B68C3E /* quote12.mp3 in Resources */,
				7CA379A22638B63600B68C3E /* quote1.mp3 in Resources */,
				7CA379A32638B63600B68C3E /* quote20.mp3 in Resources */,
				7CA379A52638B63600B68C3E /* quote3.mp3 in Resources */,
				7CA3796F26388A8300B68C3E /* Main.storyboard in Resources */,
				7CA379AE2638B63600B68C3E /* quote5.mp3 in Resources */,
				7CA3799E2638B63600B68C3E /* quote16.mp3 in Resources */,
				7CA379B12638B63600B68C3E /* quote13.mp3 in Resources */,
				7CA3799C2638B63600B68C3E /* options.json in Resources */,
				7CA379A12638B63600B68C3E /* quote15.mp3 in Resources */,
				7CA379A92638B63600B68C3E /* quote14.mp3 in Resources */,
				7CA379A72638B63600B68C3E /* quote7.mp3 in Resources */,
				7CA379842638B62200B68C3E /* MarchaImperial.mp3 in Resources */,
				7CA3799F2638B63600B68C3E /* quote17.mp3 in Resources */,
				7CA379AA2638B63600B68C3E /* quote10.mp3 in Resources */,
				7CA379AC2638B63600B68C3E /* quote19.mp3 in Resources */,
			);
			runOnlyForDeploymentPostprocessing = 0;
		};
/* End PBXResourcesBuildPhase section */

/* Begin PBXSourcesBuildPhase section */
		7CA3796026388A8300B68C3E /* Sources */ = {
			isa = PBXSourcesBuildPhase;
			buildActionMask = 2147483647;
			files = (
				7CA379B326390DAB00B68C3E /* GameOverViewController.swift in Sources */,
				7CA3796C26388A8300B68C3E /* ViewController.swift in Sources */,
				7CA379B52639ADBC00B68C3E /* QuizManager.swift in Sources */,
				7CA3796826388A8300B68C3E /* AppDelegate.swift in Sources */,
				7CA3797226388A8300B68C3E /* MovieQuiz.xcdatamodeld in Sources */,
			);
			runOnlyForDeploymentPostprocessing = 0;
		};
/* End PBXSourcesBuildPhase section */

/* Begin PBXVariantGroup section */
		7CA3796D26388A8300B68C3E /* Main.storyboard */ = {
			isa = PBXVariantGroup;
			children = (
				7CA3796E26388A8300B68C3E /* Base */,
			);
			name = Main.storyboard;
			sourceTree = "<group>";
		};
		7CA3797526388A8400B68C3E /* LaunchScreen.storyboard */ = {
			isa = PBXVariantGroup;
			children = (
				7CA3797626388A8400B68C3E /* Base */,
			);
			name = LaunchScreen.storyboard;
			sourceTree = "<group>";
		};
/* End PBXVariantGroup section */

/* Begin XCBuildConfiguration section */
		7CA3797926388A8400B68C3E /* Debug */ = {
			isa = XCBuildConfiguration;
			buildSettings = {
				ALWAYS_SEARCH_USER_PATHS = NO;
				CLANG_ANALYZER_NONNULL = YES;
				CLANG_ANALYZER_NUMBER_OBJECT_CONVERSION = YES_AGGRESSIVE;
				CLANG_CXX_LANGUAGE_STANDARD = "gnu++14";
				CLANG_CXX_LIBRARY = "libc++";
				CLANG_ENABLE_MODULES = YES;
				CLANG_ENABLE_OBJC_ARC = YES;
				CLANG_ENABLE_OBJC_WEAK = YES;
				CLANG_WARN_BLOCK_CAPTURE_AUTORELEASING = YES;
				CLANG_WARN_BOOL_CONVERSION = YES;
				CLANG_WARN_COMMA = YES;
				CLANG_WARN_CONSTANT_CONVERSION = YES;
				CLANG_WARN_DEPRECATED_OBJC_IMPLEMENTATIONS = YES;
				CLANG_WARN_DIRECT_OBJC_ISA_USAGE = YES_ERROR;
				CLANG_WARN_DOCUMENTATION_COMMENTS = YES;
				CLANG_WARN_EMPTY_BODY = YES;
				CLANG_WARN_ENUM_CONVERSION = YES;
				CLANG_WARN_INFINITE_RECURSION = YES;
				CLANG_WARN_INT_CONVERSION = YES;
				CLANG_WARN_NON_LITERAL_NULL_CONVERSION = YES;
				CLANG_WARN_OBJC_IMPLICIT_RETAIN_SELF = YES;
				CLANG_WARN_OBJC_LITERAL_CONVERSION = YES;
				CLANG_WARN_OBJC_ROOT_CLASS = YES_ERROR;
				CLANG_WARN_RANGE_LOOP_ANALYSIS = YES;
				CLANG_WARN_STRICT_PROTOTYPES = YES;
				CLANG_WARN_SUSPICIOUS_MOVE = YES;
				CLANG_WARN_UNGUARDED_AVAILABILITY = YES_AGGRESSIVE;
				CLANG_WARN_UNREACHABLE_CODE = YES;
				CLANG_WARN__DUPLICATE_METHOD_MATCH = YES;
				COPY_PHASE_STRIP = NO;
				DEBUG_INFORMATION_FORMAT = dwarf;
				ENABLE_STRICT_OBJC_MSGSEND = YES;
				ENABLE_TESTABILITY = YES;
				GCC_C_LANGUAGE_STANDARD = gnu11;
				GCC_DYNAMIC_NO_PIC = NO;
				GCC_NO_COMMON_BLOCKS = YES;
				GCC_OPTIMIZATION_LEVEL = 0;
				GCC_PREPROCESSOR_DEFINITIONS = (
					"DEBUG=1",
					"$(inherited)",
				);
				GCC_WARN_64_TO_32_BIT_CONVERSION = YES;
				GCC_WARN_ABOUT_RETURN_TYPE = YES_ERROR;
				GCC_WARN_UNDECLARED_SELECTOR = YES;
				GCC_WARN_UNINITIALIZED_AUTOS = YES_AGGRESSIVE;
				GCC_WARN_UNUSED_FUNCTION = YES;
				GCC_WARN_UNUSED_VARIABLE = YES;
				IPHONEOS_DEPLOYMENT_TARGET = 13.7;
				MTL_ENABLE_DEBUG_INFO = INCLUDE_SOURCE;
				MTL_FAST_MATH = YES;
				ONLY_ACTIVE_ARCH = YES;
				SDKROOT = iphoneos;
				SWIFT_ACTIVE_COMPILATION_CONDITIONS = DEBUG;
				SWIFT_OPTIMIZATION_LEVEL = "-Onone";
			};
			name = Debug;
		};
		7CA3797A26388A8400B68C3E /* Release */ = {
			isa = XCBuildConfiguration;
			buildSettings = {
				ALWAYS_SEARCH_USER_PATHS = NO;
				CLANG_ANALYZER_NONNULL = YES;
				CLANG_ANALYZER_NUMBER_OBJECT_CONVERSION = YES_AGGRESSIVE;
				CLANG_CXX_LANGUAGE_STANDARD = "gnu++14";
				CLANG_CXX_LIBRARY = "libc++";
				CLANG_ENABLE_MODULES = YES;
				CLANG_ENABLE_OBJC_ARC = YES;
				CLANG_ENABLE_OBJC_WEAK = YES;
				CLANG_WARN_BLOCK_CAPTURE_AUTORELEASING = YES;
				CLANG_WARN_BOOL_CONVERSION = YES;
				CLANG_WARN_COMMA = YES;
				CLANG_WARN_CONSTANT_CONVERSION = YES;
				CLANG_WARN_DEPRECATED_OBJC_IMPLEMENTATIONS = YES;
				CLANG_WARN_DIRECT_OBJC_ISA_USAGE = YES_ERROR;
				CLANG_WARN_DOCUMENTATION_COMMENTS = YES;
				CLANG_WARN_EMPTY_BODY = YES;
				CLANG_WARN_ENUM_CONVERSION = YES;
				CLANG_WARN_INFINITE_RECURSION = YES;
				CLANG_WARN_INT_CONVERSION = YES;
				CLANG_WARN_NON_LITERAL_NULL_CONVERSION = YES;
				CLANG_WARN_OBJC_IMPLICIT_RETAIN_SELF = YES;
				CLANG_WARN_OBJC_LITERAL_CONVERSION = YES;
				CLANG_WARN_OBJC_ROOT_CLASS = YES_ERROR;
				CLANG_WARN_RANGE_LOOP_ANALYSIS = YES;
				CLANG_WARN_STRICT_PROTOTYPES = YES;
				CLANG_WARN_SUSPICIOUS_MOVE = YES;
				CLANG_WARN_UNGUARDED_AVAILABILITY = YES_AGGRESSIVE;
				CLANG_WARN_UNREACHABLE_CODE = YES;
				CLANG_WARN__DUPLICATE_METHOD_MATCH = YES;
				COPY_PHASE_STRIP = NO;
				DEBUG_INFORMATION_FORMAT = "dwarf-with-dsym";
				ENABLE_NS_ASSERTIONS = NO;
				ENABLE_STRICT_OBJC_MSGSEND = YES;
				GCC_C_LANGUAGE_STANDARD = gnu11;
				GCC_NO_COMMON_BLOCKS = YES;
				GCC_WARN_64_TO_32_BIT_CONVERSION = YES;
				GCC_WARN_ABOUT_RETURN_TYPE = YES_ERROR;
				GCC_WARN_UNDECLARED_SELECTOR = YES;
				GCC_WARN_UNINITIALIZED_AUTOS = YES_AGGRESSIVE;
				GCC_WARN_UNUSED_FUNCTION = YES;
				GCC_WARN_UNUSED_VARIABLE = YES;
				IPHONEOS_DEPLOYMENT_TARGET = 13.7;
				MTL_ENABLE_DEBUG_INFO = NO;
				MTL_FAST_MATH = YES;
				SDKROOT = iphoneos;
				SWIFT_COMPILATION_MODE = wholemodule;
				SWIFT_OPTIMIZATION_LEVEL = "-O";
				VALIDATE_PRODUCT = YES;
			};
			name = Release;
		};
		7CA3797C26388A8400B68C3E /* Debug */ = {
			isa = XCBuildConfiguration;
			buildSettings = {
				ASSETCATALOG_COMPILER_APPICON_NAME = AppIcon;
				CODE_SIGN_STYLE = Automatic;
				DEVELOPMENT_TEAM = WTNZ8ZXU8Z;
				INFOPLIST_FILE = MovieQuiz/Aplication/Info.plist;
				IPHONEOS_DEPLOYMENT_TARGET = 12.0;
				LD_RUNPATH_SEARCH_PATHS = (
					"$(inherited)",
					"@executable_path/Frameworks",
				);
				PRODUCT_BUNDLE_IDENTIFIER = br.com.MovieQuiz;
				PRODUCT_NAME = "$(TARGET_NAME)";
				SWIFT_VERSION = 5.0;
				TARGETED_DEVICE_FAMILY = "1,2";
			};
			name = Debug;
		};
		7CA3797D26388A8400B68C3E /* Release */ = {
			isa = XCBuildConfiguration;
			buildSettings = {
				ASSETCATALOG_COMPILER_APPICON_NAME = AppIcon;
				CODE_SIGN_STYLE = Automatic;
				DEVELOPMENT_TEAM = WTNZ8ZXU8Z;
				INFOPLIST_FILE = MovieQuiz/Aplication/Info.plist;
				IPHONEOS_DEPLOYMENT_TARGET = 12.0;
				LD_RUNPATH_SEARCH_PATHS = (
					"$(inherited)",
					"@executable_path/Frameworks",
				);
				PRODUCT_BUNDLE_IDENTIFIER = br.com.MovieQuiz;
				PRODUCT_NAME = "$(TARGET_NAME)";
				SWIFT_VERSION = 5.0;
				TARGETED_DEVICE_FAMILY = "1,2";
			};
			name = Release;
		};
/* End XCBuildConfiguration section */

/* Begin XCConfigurationList section */
		7CA3795F26388A8200B68C3E /* Build configuration list for PBXProject "MovieQuiz" */ = {
			isa = XCConfigurationList;
			buildConfigurations = (
				7CA3797926388A8400B68C3E /* Debug */,
				7CA3797A26388A8400B68C3E /* Release */,
			);
			defaultConfigurationIsVisible = 0;
			defaultConfigurationName = Release;
		};
		7CA3797B26388A8400B68C3E /* Build configuration list for PBXNativeTarget "MovieQuiz" */ = {
			isa = XCConfigurationList;
			buildConfigurations = (
				7CA3797C26388A8400B68C3E /* Debug */,
				7CA3797D26388A8400B68C3E /* Release */,
			);
			defaultConfigurationIsVisible = 0;
			defaultConfigurationName = Release;
		};
/* End XCConfigurationList section */

/* Begin XCVersionGroup section */
		7CA3797026388A8300B68C3E /* MovieQuiz.xcdatamodeld */ = {
			isa = XCVersionGroup;
			children = (
				7CA3797126388A8300B68C3E /* MovieQuiz.xcdatamodel */,
			);
			currentVersion = 7CA3797126388A8300B68C3E /* MovieQuiz.xcdatamodel */;
			path = MovieQuiz.xcdatamodeld;
			sourceTree = "<group>";
			versionGroupType = wrapper.xcdatamodel;
		};
/* End XCVersionGroup section */
	};
	rootObject = 7CA3795C26388A8200B68C3E /* Project object */;
}
